{
  "version": 4,
  "terraform_version": "1.16.1",
  "serial": 12,
  "lineage": "1c56e5a5-855c-cee6-43ec-693cefb39161",
  "outputs": {
    "backend_ips": {
      "value": {
        "backend_1": "192.168.122.21/24",
        "backend_2": "192.168.122.22/24"
      },
      "type": [
        "object",
        {
          "backend_1": "string",
          "backend_2": "string"
        }
      ]
    },
    "loadbalancer_ips": {
      "value": {
        "lb_node_1": "192.168.122.11/24",
        "lb_node_2": "192.168.122.12/24"
      },
      "type": [
        "object",
        {
          "lb_node_1": "string",
          "lb_node_2": "string"
        }
      ]
    }
  },
  "resources": [
    {
      "mode": "managed",
      "type": "proxmox_virtual_environment_vm",
      "name": "backend_1",
      "provider": "provider[\"registry.terraform.io/bpg/proxmox\"]",
      "instances": [
        {
          "schema_version": 0,
          "attributes": {
            "acpi": true,
            "agent": [],
            "audio_device": [],
            "bios": "seabios",
            "boot_order": null,
            "cdrom": [],
            "clone": [
              {
                "datastore_id": "",
                "full": true,
                "node_name": "",
                "retries": 1,
                "vm_id": 9000
              }
            ],
            "cpu": [
              {
                "affinity": "",
                "architecture": "",
                "cores": 1,
                "flags": null,
                "hotplugged": 0,
                "limit": 0,
                "numa": false,
                "sockets": 1,
                "type": "qemu64",
                "units": 1024
              }
            ],
            "description": null,
            "disk": [],
            "efi_disk": [],
            "hook_script_file_id": null,
            "hostpci": [],
            "id": "201",
            "initialization": [
              {
                "datastore_id": "local-lvm",
                "dns": [],
                "interface": "ide2",
                "ip_config": [
                  {
                    "ipv4": [
                      {
                        "address": "192.168.122.21/24",
                        "gateway": "192.168.122.1"
                      }
                    ],
                    "ipv6": []
                  }
                ],
                "meta_data_file_id": "",
                "network_data_file_id": "",
                "type": "",
                "upgrade": false,
                "user_account": [
                  {
                    "keys": [
                      "ssh-rsa AAAAB3NzaC1yc2EAAAADAQABAAACAQDV6aUOLlFRAylll5QNYN5Sy6Pzmj1l/YzxVmsNc6CxyIFGuTXiqfEI6atHEQanf1aI6oLzkQDh+CDXu3Iat8Oe/3ASzKldvoAGYQcBB4AUr9mLk13HfV1gOCWT/0G7HUXoNU4dZlFKJDJijthw1mpSkvIvxx/VVaSM/5SdLIMkgCHogTTOHupT2Jxlu4iejfZmGGuoNdvsQP5yd9wf5037kmVYvoieCgUjfkocPwFs/ztNh4cjfRXIUBAIxaLs9X3B2YyRt9HLpuHS+s+okq6upa5503GB2y/9n+dKqP3fGYbZ994MeoKab1HiH2ihAZ4Ix62U+YFLO/xCJ3cly8p1ctwszOqTuX4Jpva+8D7G9VNGa8QvLQqL658pVGlLNKr+wA3qUgiMmMBRj0g1aUDOecH4EL0Xtks8K2RG8/KUyxK3lXt1ghtEqK8xHPVhjQk6hUplHj/BzbFcM8muP/e7TxNI+j734CrG9f+FV29q118+Bjg6J2O9L8+ktFuUqfJJMZGAC/1M/nZOk6YJuWBk3Uku/BK7HcUkz+6T7whI30c0HU44X0oY3HJT6JmcE/0lutJN5Mj41SKQ6gN02nFv37YxhuueXwipTg4dZ+mFDZjSlPUv9WSDo1/iNYKfXmt9EParkpq/ndOEcNEGmx7P5o2a7BsnY/ZPrDb1tifscQ== sakinifedora@fedora"
                    ],
                    "password": "",
                    "username": "ubuntu"
                  }
                ],
                "user_data_file_id": "",
                "vendor_data_file_id": ""
              }
            ],
            "ipv4_addresses": [],
            "ipv6_addresses": [],
            "keyboard_layout": "en-us",
            "kvm_arguments": null,
            "mac_addresses": [],
            "machine": null,
            "memory": [
              {
                "dedicated": 1024,
                "floating": 0,
                "hugepages": "",
                "keep_hugepages": false,
                "shared": 0
              }
            ],
            "migrate": false,
            "name": "backend-1",
            "network_device": [
              {
                "bridge": "vmbr0",
                "disconnected": false,
                "enabled": true,
                "firewall": false,
                "mac_address": "BC:24:11:AB:00:89",
                "model": "virtio",
                "mtu": 0,
                "queues": 0,
                "rate_limit": 0,
                "trunks": "",
                "vlan_id": 0
              }
            ],
            "network_interface_names": [],
            "node_name": "pve",
            "numa": [],
            "on_boot": true,
            "operating_system": [],
            "pool_id": null,
            "protection": false,
            "reboot": false,
            "scsi_hardware": "virtio-scsi-pci",
            "serial_device": [],
            "smbios": [],
            "started": true,
            "startup": [],
            "stop_on_destroy": false,
            "tablet_device": true,
            "tags": null,
            "template": false,
            "timeout_clone": 1800,
            "timeout_create": 1800,
            "timeout_migrate": 1800,
            "timeout_move_disk": 1800,
            "timeout_reboot": 1800,
            "timeout_shutdown_vm": 1800,
            "timeout_start_vm": 1800,
            "timeout_stop_vm": 300,
            "tpm_state": [],
            "usb": [],
            "vga": [
              {
                "clipboard": "",
                "memory": 16,
                "type": "serial0"
              }
            ],
            "vm_id": 201,
            "watchdog": []
          },
          "sensitive_attributes": [
            [
              {
                "type": "get_attr",
                "value": "initialization"
              },
              {
                "type": "index",
                "value": {
                  "value": 0,
                  "type": "number"
                }
              },
              {
                "type": "get_attr",
                "value": "user_account"
              },
              {
                "type": "index",
                "value": {
                  "value": 0,
                  "type": "number"
                }
              },
              {
                "type": "get_attr",
                "value": "password"
              }
            ]
          ],
          "identity_schema_version": 0,
          "private": "bnVsbA=="
        }
      ]
    },
    {
      "mode": "managed",
      "type": "proxmox_virtual_environment_vm",
      "name": "backend_2",
      "provider": "provider[\"registry.terraform.io/bpg/proxmox\"]",
      "instances": [
        {
          "schema_version": 0,
          "attributes": {
            "acpi": true,
            "agent": [],
            "audio_device": [],
            "bios": "seabios",
            "boot_order": null,
            "cdrom": [],
            "clone": [
              {
                "datastore_id": "",
                "full": true,
                "node_name": "",
                "retries": 1,
                "vm_id": 9000
              }
            ],
            "cpu": [
              {
                "affinity": "",
                "architecture": "",
                "cores": 1,
                "flags": null,
                "hotplugged": 0,
                "limit": 0,
                "numa": false,
                "sockets": 1,
                "type": "qemu64",
                "units": 1024
              }
            ],
            "description": null,
            "disk": [],
            "efi_disk": [],
            "hook_script_file_id": null,
            "hostpci": [],
            "id": "202",
            "initialization": [
              {
                "datastore_id": "local-lvm",
                "dns": [],
                "interface": "ide2",
                "ip_config": [
                  {
                    "ipv4": [
                      {
                        "address": "192.168.122.22/24",
                        "gateway": "192.168.122.1"
                      }
                    ],
                    "ipv6": []
                  }
                ],
                "meta_data_file_id": "",
                "network_data_file_id": "",
                "type": "",
                "upgrade": false,
                "user_account": [
                  {
                    "keys": [
                      "ssh-rsa AAAAB3NzaC1yc2EAAAADAQABAAACAQDV6aUOLlFRAylll5QNYN5Sy6Pzmj1l/YzxVmsNc6CxyIFGuTXiqfEI6atHEQanf1aI6oLzkQDh+CDXu3Iat8Oe/3ASzKldvoAGYQcBB4AUr9mLk13HfV1gOCWT/0G7HUXoNU4dZlFKJDJijthw1mpSkvIvxx/VVaSM/5SdLIMkgCHogTTOHupT2Jxlu4iejfZmGGuoNdvsQP5yd9wf5037kmVYvoieCgUjfkocPwFs/ztNh4cjfRXIUBAIxaLs9X3B2YyRt9HLpuHS+s+okq6upa5503GB2y/9n+dKqP3fGYbZ994MeoKab1HiH2ihAZ4Ix62U+YFLO/xCJ3cly8p1ctwszOqTuX4Jpva+8D7G9VNGa8QvLQqL658pVGlLNKr+wA3qUgiMmMBRj0g1aUDOecH4EL0Xtks8K2RG8/KUyxK3lXt1ghtEqK8xHPVhjQk6hUplHj/BzbFcM8muP/e7TxNI+j734CrG9f+FV29q118+Bjg6J2O9L8+ktFuUqfJJMZGAC/1M/nZOk6YJuWBk3Uku/BK7HcUkz+6T7whI30c0HU44X0oY3HJT6JmcE/0lutJN5Mj41SKQ6gN02nFv37YxhuueXwipTg4dZ+mFDZjSlPUv9WSDo1/iNYKfXmt9EParkpq/ndOEcNEGmx7P5o2a7BsnY/ZPrDb1tifscQ== sakinifedora@fedora"
                    ],
                    "password": "",
                    "username": "ubuntu"
                  }
                ],
                "user_data_file_id": "",
                "vendor_data_file_id": ""
              }
            ],
            "ipv4_addresses": [],
            "ipv6_addresses": [],
            "keyboard_layout": "en-us",
            "kvm_arguments": null,
            "mac_addresses": [],
            "machine": null,
            "memory": [
              {
                "dedicated": 1024,
                "floating": 0,
                "hugepages": "",
                "keep_hugepages": false,
                "shared": 0
              }
            ],
            "migrate": false,
            "name": "backend-2",
            "network_device": [
              {
                "bridge": "vmbr0",
                "disconnected": false,
                "enabled": true,
                "firewall": false,
                "mac_address": "BC:24:11:6B:F4:D7",
                "model": "virtio",
                "mtu": 0,
                "queues": 0,
                "rate_limit": 0,
                "trunks": "",
                "vlan_id": 0
              }
            ],
            "network_interface_names": [],
            "node_name": "pve",
            "numa": [],
            "on_boot": true,
            "operating_system": [],
            "pool_id": null,
            "protection": false,
            "reboot": false,
            "scsi_hardware": "virtio-scsi-pci",
            "serial_device": [],
            "smbios": [],
            "started": true,
            "startup": [],
            "stop_on_destroy": false,
            "tablet_device": true,
            "tags": null,
            "template": false,
            "timeout_clone": 1800,
            "timeout_create": 1800,
            "timeout_migrate": 1800,
            "timeout_move_disk": 1800,
            "timeout_reboot": 1800,
            "timeout_shutdown_vm": 1800,
            "timeout_start_vm": 1800,
            "timeout_stop_vm": 300,
            "tpm_state": [],
            "usb": [],
            "vga": [
              {
                "clipboard": "",
                "memory": 16,
                "type": "serial0"
              }
            ],
            "vm_id": 202,
            "watchdog": []
          },
          "sensitive_attributes": [
            [
              {
                "type": "get_attr",
                "value": "initialization"
              },
              {
                "type": "index",
                "value": {
                  "value": 0,
                  "type": "number"
                }
              },
              {
                "type": "get_attr",
                "value": "user_account"
              },
              {
                "type": "index",
                "value": {
                  "value": 0,
                  "type": "number"
                }
              },
              {
                "type": "get_attr",
                "value": "password"
              }
            ]
          ],
          "identity_schema_version": 0,
          "private": "bnVsbA=="
        }
      ]
    },
    {
      "mode": "managed",
      "type": "proxmox_virtual_environment_vm",
      "name": "lb_node_1",
      "provider": "provider[\"registry.terraform.io/bpg/proxmox\"]",
      "instances": [
        {
          "schema_version": 0,
          "attributes": {
            "acpi": true,
            "agent": [],
            "audio_device": [],
            "bios": "seabios",
            "boot_order": null,
            "cdrom": [],
            "clone": [
              {
                "datastore_id": "",
                "full": true,
                "node_name": "",
                "retries": 1,
                "vm_id": 9000
              }
            ],
            "cpu": [
              {
                "affinity": "",
                "architecture": "",
                "cores": 2,
                "flags": null,
                "hotplugged": 0,
                "limit": 0,
                "numa": false,
                "sockets": 1,
                "type": "qemu64",
                "units": 1024
              }
            ],
            "description": null,
            "disk": [],
            "efi_disk": [],
            "hook_script_file_id": null,
            "hostpci": [],
            "id": "101",
            "initialization": [
              {
                "datastore_id": "local-lvm",
                "dns": [],
                "interface": "ide2",
                "ip_config": [
                  {
                    "ipv4": [
                      {
                        "address": "192.168.122.11/24",
                        "gateway": "192.168.122.1"
                      }
                    ],
                    "ipv6": []
                  }
                ],
                "meta_data_file_id": "",
                "network_data_file_id": "",
                "type": "",
                "upgrade": false,
                "user_account": [
                  {
                    "keys": [
                      "ssh-rsa AAAAB3NzaC1yc2EAAAADAQABAAACAQDV6aUOLlFRAylll5QNYN5Sy6Pzmj1l/YzxVmsNc6CxyIFGuTXiqfEI6atHEQanf1aI6oLzkQDh+CDXu3Iat8Oe/3ASzKldvoAGYQcBB4AUr9mLk13HfV1gOCWT/0G7HUXoNU4dZlFKJDJijthw1mpSkvIvxx/VVaSM/5SdLIMkgCHogTTOHupT2Jxlu4iejfZmGGuoNdvsQP5yd9wf5037kmVYvoieCgUjfkocPwFs/ztNh4cjfRXIUBAIxaLs9X3B2YyRt9HLpuHS+s+okq6upa5503GB2y/9n+dKqP3fGYbZ994MeoKab1HiH2ihAZ4Ix62U+YFLO/xCJ3cly8p1ctwszOqTuX4Jpva+8D7G9VNGa8QvLQqL658pVGlLNKr+wA3qUgiMmMBRj0g1aUDOecH4EL0Xtks8K2RG8/KUyxK3lXt1ghtEqK8xHPVhjQk6hUplHj/BzbFcM8muP/e7TxNI+j734CrG9f+FV29q118+Bjg6J2O9L8+ktFuUqfJJMZGAC/1M/nZOk6YJuWBk3Uku/BK7HcUkz+6T7whI30c0HU44X0oY3HJT6JmcE/0lutJN5Mj41SKQ6gN02nFv37YxhuueXwipTg4dZ+mFDZjSlPUv9WSDo1/iNYKfXmt9EParkpq/ndOEcNEGmx7P5o2a7BsnY/ZPrDb1tifscQ== sakinifedora@fedora"
                    ],
                    "password": "",
                    "username": "ubuntu"
                  }
                ],
                "user_data_file_id": "",
                "vendor_data_file_id": ""
              }
            ],
            "ipv4_addresses": [],
            "ipv6_addresses": [],
            "keyboard_layout": "en-us",
            "kvm_arguments": null,
            "mac_addresses": [],
            "machine": null,
            "memory": [
              {
                "dedicated": 2048,
                "floating": 0,
                "hugepages": "",
                "keep_hugepages": false,
                "shared": 0
              }
            ],
            "migrate": false,
            "name": "lb-node-1",
            "network_device": [
              {
                "bridge": "vmbr0",
                "disconnected": false,
                "enabled": true,
                "firewall": false,
                "mac_address": "BC:24:11:D4:E7:31",
                "model": "virtio",
                "mtu": 0,
                "queues": 0,
                "rate_limit": 0,
                "trunks": "",
                "vlan_id": 0
              }
            ],
            "network_interface_names": [],
            "node_name": "pve",
            "numa": [],
            "on_boot": true,
            "operating_system": [],
            "pool_id": null,
            "protection": false,
            "reboot": false,
            "scsi_hardware": "virtio-scsi-pci",
            "serial_device": [],
            "smbios": [],
            "started": true,
            "startup": [],
            "stop_on_destroy": false,
            "tablet_device": true,
            "tags": null,
            "template": false,
            "timeout_clone": 1800,
            "timeout_create": 1800,
            "timeout_migrate": 1800,
            "timeout_move_disk": 1800,
            "timeout_reboot": 1800,
            "timeout_shutdown_vm": 1800,
            "timeout_start_vm": 1800,
            "timeout_stop_vm": 300,
            "tpm_state": [],
            "usb": [],
            "vga": [
              {
                "clipboard": "",
                "memory": 16,
                "type": "serial0"
              }
            ],
            "vm_id": 101,
            "watchdog": []
          },
          "sensitive_attributes": [
            [
              {
                "type": "get_attr",
                "value": "initialization"
              },
              {
                "type": "index",
                "value": {
                  "value": 0,
                  "type": "number"
                }
              },
              {
                "type": "get_attr",
                "value": "user_account"
              },
              {
                "type": "index",
                "value": {
                  "value": 0,
                  "type": "number"
                }
              },
              {
                "type": "get_attr",
                "value": "password"
              }
            ]
          ],
          "identity_schema_version": 0,
          "private": "bnVsbA=="
        }
      ]
    },
    {
      "mode": "managed",
      "type": "proxmox_virtual_environment_vm",
      "name": "lb_node_2",
      "provider": "provider[\"registry.terraform.io/bpg/proxmox\"]",
      "instances": [
        {
          "schema_version": 0,
          "attributes": {
            "acpi": true,
            "agent": [],
            "audio_device": [],
            "bios": "seabios",
            "boot_order": null,
            "cdrom": [],
            "clone": [
              {
                "datastore_id": "",
                "full": true,
                "node_name": "",
                "retries": 1,
                "vm_id": 9000
              }
            ],
            "cpu": [
              {
                "affinity": "",
                "architecture": "",
                "cores": 2,
                "flags": null,
                "hotplugged": 0,
                "limit": 0,
                "numa": false,
                "sockets": 1,
                "type": "qemu64",
                "units": 1024
              }
            ],
            "description": null,
            "disk": [],
            "efi_disk": [],
            "hook_script_file_id": null,
            "hostpci": [],
            "id": "102",
            "initialization": [
              {
                "datastore_id": "local-lvm",
                "dns": [],
                "interface": "ide2",
                "ip_config": [
                  {
                    "ipv4": [
                      {
                        "address": "192.168.122.12/24",
                        "gateway": "192.168.122.1"
                      }
                    ],
                    "ipv6": []
                  }
                ],
                "meta_data_file_id": "",
                "network_data_file_id": "",
                "type": "",
                "upgrade": false,
                "user_account": [
                  {
                    "keys": [
                      "ssh-rsa AAAAB3NzaC1yc2EAAAADAQABAAACAQDV6aUOLlFRAylll5QNYN5Sy6Pzmj1l/YzxVmsNc6CxyIFGuTXiqfEI6atHEQanf1aI6oLzkQDh+CDXu3Iat8Oe/3ASzKldvoAGYQcBB4AUr9mLk13HfV1gOCWT/0G7HUXoNU4dZlFKJDJijthw1mpSkvIvxx/VVaSM/5SdLIMkgCHogTTOHupT2Jxlu4iejfZmGGuoNdvsQP5yd9wf5037kmVYvoieCgUjfkocPwFs/ztNh4cjfRXIUBAIxaLs9X3B2YyRt9HLpuHS+s+okq6upa5503GB2y/9n+dKqP3fGYbZ994MeoKab1HiH2ihAZ4Ix62U+YFLO/xCJ3cly8p1ctwszOqTuX4Jpva+8D7G9VNGa8QvLQqL658pVGlLNKr+wA3qUgiMmMBRj0g1aUDOecH4EL0Xtks8K2RG8/KUyxK3lXt1ghtEqK8xHPVhjQk6hUplHj/BzbFcM8muP/e7TxNI+j734CrG9f+FV29q118+Bjg6J2O9L8+ktFuUqfJJMZGAC/1M/nZOk6YJuWBk3Uku/BK7HcUkz+6T7whI30c0HU44X0oY3HJT6JmcE/0lutJN5Mj41SKQ6gN02nFv37YxhuueXwipTg4dZ+mFDZjSlPUv9WSDo1/iNYKfXmt9EParkpq/ndOEcNEGmx7P5o2a7BsnY/ZPrDb1tifscQ== sakinifedora@fedora"
                    ],
                    "password": "",
                    "username": "ubuntu"
                  }
                ],
                "user_data_file_id": "",
                "vendor_data_file_id": ""
              }
            ],
            "ipv4_addresses": [],
            "ipv6_addresses": [],
            "keyboard_layout": "en-us",
            "kvm_arguments": null,
            "mac_addresses": [],
            "machine": null,
            "memory": [
              {
                "dedicated": 2048,
                "floating": 0,
                "hugepages": "",
                "keep_hugepages": false,
                "shared": 0
              }
            ],
            "migrate": false,
            "name": "lb-node-2",
            "network_device": [
              {
                "bridge": "vmbr0",
                "disconnected": false,
                "enabled": true,
                "firewall": false,
                "mac_address": "BC:24:11:C1:FC:1E",
                "model": "virtio",
                "mtu": 0,
                "queues": 0,
                "rate_limit": 0,
                "trunks": "",
                "vlan_id": 0
              }
            ],
            "network_interface_names": [],
            "node_name": "pve",
            "numa": [],
            "on_boot": true,
            "operating_system": [],
            "pool_id": null,
            "protection": false,
            "reboot": false,
            "scsi_hardware": "virtio-scsi-pci",
            "serial_device": [],
            "smbios": [],
            "started": true,
            "startup": [],
            "stop_on_destroy": false,
            "tablet_device": true,
            "tags": null,
            "template": false,
            "timeout_clone": 1800,
            "timeout_create": 1800,
            "timeout_migrate": 1800,
            "timeout_move_disk": 1800,
            "timeout_reboot": 1800,
            "timeout_shutdown_vm": 1800,
            "timeout_start_vm": 1800,
            "timeout_stop_vm": 300,
            "tpm_state": [],
            "usb": [],
            "vga": [
              {
                "clipboard": "",
                "memory": 16,
                "type": "serial0"
              }
            ],
            "vm_id": 102,
            "watchdog": []
          },
          "sensitive_attributes": [
            [
              {
                "type": "get_attr",
                "value": "initialization"
              },
              {
                "type": "index",
                "value": {
                  "value": 0,
                  "type": "number"
                }
              },
              {
                "type": "get_attr",
                "value": "user_account"
              },
              {
                "type": "index",
                "value": {
                  "value": 0,
                  "type": "number"
                }
              },
              {
                "type": "get_attr",
                "value": "password"
              }
            ]
          ],
          "identity_schema_version": 0,
          "private": "bnVsbA=="
        }
      ]
    }
  ],
  "check_results": null
}
